{
  "name": "@mowses/observercore",
  "version": "1.0.0",
  "lockfileVersion": 3,
  "requires": true,
  "packages": {
    "": {
      "name": "@mowses/observercore",
      "version": "1.0.0",
      "license": "ISC",
      "dependencies": {
        "@mowses/Events": "github:mowses/Events",
        "@mowses/ObjDiff": "github:mowses/ObjDiff"
      }
    },
    "node_modules/@mowses/Events": {
      "name": "@mowses/events",
      "version": "1.0.0",
      "resolved": "git+ssh://git@github.com/mowses/Events.git#2f242165c72e0363d1dc71bbe202159d80585b04",
      "license": "ISC"
    },
    "node_modules/@mowses/ObjDiff": {
      "name": "@mowses/objdiff",
      "version": "1.0.0",
      "resolved": "git+ssh://git@github.com/mowses/ObjDiff.git#58e950833ba68748e03e801890e5b0dde9f0b3ad",
      "license": "ISC"
    }
  }
}
