{
  "name": "@mowses/observercore",
  "version": "1.0.0",
  "lockfileVersion": 2,
  "requires": true,
  "packages": {
    "": {
      "name": "@mowses/observercore",
      "version": "1.0.0",
      "license": "ISC",
      "dependencies": {
        "@mowses/Events": "github:mowses/Events",
        "@mowses/ObjDiff": "github:mowses/ObjDiff"
      }
    },
    "node_modules/@mowses/Events": {
      "name": "@mowses/events",
      "version": "1.0.0",
      "resolved": "git+ssh://git@github.com/mowses/Events.git#8d34a606badce09fbcdf612b42a4b7cf7d1b24fe",
      "integrity": "sha512-IKTct1dY7Ih6yrrOhSQF6NboxDcoTK4dXR/wL/QxFDlKRoP7v3WCckq/Ug1culxU8JRwQGspz8CxUVXFMoDMPA==",
      "license": "ISC"
    },
    "node_modules/@mowses/ObjDiff": {
      "name": "@mowses/objdiff",
      "version": "1.0.0",
      "resolved": "git+ssh://git@github.com/mowses/ObjDiff.git#8747b8cdd8fb13089eed0b223ebfa5e3ff45319c",
      "integrity": "sha512-gAk3mRPE3+V6y3wej19L1iFT+X/RmijumAK3Z9pdOZr6b/nnUqeYYr3KWPhhoOMFw5rPsjskLH0xyhZQKdyFpA==",
      "license": "ISC"
    }
  },
  "dependencies": {
    "@mowses/Events": {
      "version": "git+ssh://git@github.com/mowses/Events.git#8d34a606badce09fbcdf612b42a4b7cf7d1b24fe",
      "from": "@mowses/Events@github:mowses/Events"
    },
    "@mowses/ObjDiff": {
      "version": "git+ssh://git@github.com/mowses/ObjDiff.git#8747b8cdd8fb13089eed0b223ebfa5e3ff45319c",
      "from": "@mowses/ObjDiff@github:mowses/ObjDiff"
    }
  }
}
